
Microsoft Visual Studio Solution File, Format Version 12.00
# Visual Studio Version 17
VisualStudioVersion = 17.2.32505.173
MinimumVisualStudioVersion = 10.0.40219.1
Project("{FAE04EC0-301F-11D3-BF4B-00C04F79EFBC}") = "libOpeMatematicas", "libOpeSO\libOpeMatematicas.csproj", "{BA5C4862-B752-40E4-8778-0A97229A2057}"
EndProject
Project("{FAE04EC0-301F-11D3-BF4B-00C04F79EFBC}") = "frmCalculadora", "frmCalculadora\frmCalculadora.csproj", "{B69696BB-5437-4CE0-B8A3-33F19B4F3BFB}"
EndProject
Project("{FAE04EC0-301F-11D3-BF4B-00C04F79EFBC}") = "frmAplicaciones", "frmMenuPrincipal\frmAplicaciones.csproj", "{E5C913E2-2314-4D07-819F-1C12784E9604}"
EndProject
Project("{FAE04EC0-301F-11D3-BF4B-00C04F79EFBC}") = "libKernelSistema", "ApiOperativa\libKernelSistema.csproj", "{817E97D6-D9C3-420E-8D7F-78989BC4CEAA}"
EndProject
Project("{FAE04EC0-301F-11D3-BF4B-00C04F79EFBC}") = "frmGUI", "frmGUI\frmGUI.csproj", "{24F4358C-C28D-4DFE-81CD-1DABD8B84F68}"
EndProject
Project("{FAE04EC0-301F-11D3-BF4B-00C04F79EFBC}") = "clsMatarMaestro", "clsMatarMaestro\clsMatarMaestro.csproj", "{C4F5374D-F734-49FE-9C14-35408FB41407}"
EndProject
Global
	GlobalSection(SolutionConfigurationPlatforms) = preSolution
		Debug|Any CPU = Debug|Any CPU
		Release|Any CPU = Release|Any CPU
	EndGlobalSection
	GlobalSection(ProjectConfigurationPlatforms) = postSolution
		{BA5C4862-B752-40E4-8778-0A97229A2057}.Debug|Any CPU.ActiveCfg = Debug|Any CPU
		{BA5C4862-B752-40E4-8778-0A97229A2057}.Debug|Any CPU.Build.0 = Debug|Any CPU
		{BA5C4862-B752-40E4-8778-0A97229A2057}.Release|Any CPU.ActiveCfg = Release|Any CPU
		{BA5C4862-B752-40E4-8778-0A97229A2057}.Release|Any CPU.Build.0 = Release|Any CPU
		{B69696BB-5437-4CE0-B8A3-33F19B4F3BFB}.Debug|Any CPU.ActiveCfg = Debug|Any CPU
		{B69696BB-5437-4CE0-B8A3-33F19B4F3BFB}.Debug|Any CPU.Build.0 = Debug|Any CPU
		{B69696BB-5437-4CE0-B8A3-33F19B4F3BFB}.Release|Any CPU.ActiveCfg = Release|Any CPU
		{B69696BB-5437-4CE0-B8A3-33F19B4F3BFB}.Release|Any CPU.Build.0 = Release|Any CPU
		{E5C913E2-2314-4D07-819F-1C12784E9604}.Debug|Any CPU.ActiveCfg = Debug|Any CPU
		{E5C913E2-2314-4D07-819F-1C12784E9604}.Debug|Any CPU.Build.0 = Debug|Any CPU
		{E5C913E2-2314-4D07-819F-1C12784E9604}.Release|Any CPU.ActiveCfg = Release|Any CPU
		{E5C913E2-2314-4D07-819F-1C12784E9604}.Release|Any CPU.Build.0 = Release|Any CPU
		{817E97D6-D9C3-420E-8D7F-78989BC4CEAA}.Debug|Any CPU.ActiveCfg = Debug|Any CPU
		{817E97D6-D9C3-420E-8D7F-78989BC4CEAA}.Debug|Any CPU.Build.0 = Debug|Any CPU
		{817E97D6-D9C3-420E-8D7F-78989BC4CEAA}.Release|Any CPU.ActiveCfg = Release|Any CPU
		{817E97D6-D9C3-420E-8D7F-78989BC4CEAA}.Release|Any CPU.Build.0 = Release|Any CPU
		{24F4358C-C28D-4DFE-81CD-1DABD8B84F68}.Debug|Any CPU.ActiveCfg = Debug|Any CPU
		{24F4358C-C28D-4DFE-81CD-1DABD8B84F68}.Debug|Any CPU.Build.0 = Debug|Any CPU
		{24F4358C-C28D-4DFE-81CD-1DABD8B84F68}.Release|Any CPU.ActiveCfg = Release|Any CPU
		{24F4358C-C28D-4DFE-81CD-1DABD8B84F68}.Release|Any CPU.Build.0 = Release|Any CPU
		{C4F5374D-F734-49FE-9C14-35408FB41407}.Debug|Any CPU.ActiveCfg = Debug|Any CPU
		{C4F5374D-F734-49FE-9C14-35408FB41407}.Debug|Any CPU.Build.0 = Debug|Any CPU
		{C4F5374D-F734-49FE-9C14-35408FB41407}.Release|Any CPU.ActiveCfg = Release|Any CPU
		{C4F5374D-F734-49FE-9C14-35408FB41407}.Release|Any CPU.Build.0 = Release|Any CPU
	EndGlobalSection
	GlobalSection(SolutionProperties) = preSolution
		HideSolutionNode = FALSE
	EndGlobalSection
	GlobalSection(ExtensibilityGlobals) = postSolution
		SolutionGuid = {00152FBF-5EDF-4BFF-ACEF-878C1A385E9E}
	EndGlobalSection
EndGlobal
